{
  "version": 4,
  "terraform_version": "0.12.12",
  "serial": 21,
  "lineage": "9c53526f-4b94-f1bc-14f6-2fc983aaafdf",
  "outputs": {
    "kubeone_api": {
      "value": {
        "endpoint": "udacitykubeone-api-lb-9183daa26e2afdfc.elb.us-east-1.amazonaws.com"
      },
      "type": [
        "object",
        {
          "endpoint": "string"
        }
      ]
    },
    "kubeone_hosts": {
      "value": {
        "control_plane": {
          "cloud_provider": "aws",
          "cluster_name": "udacitykubeone",
          "hostnames": [
            "ip-172-31-80-210.ec2.internal",
            "ip-172-31-24-165.ec2.internal",
            "ip-172-31-38-156.ec2.internal"
          ],
          "private_address": [
            "172.31.80.210",
            "172.31.24.165",
            "172.31.38.156"
          ],
          "public_address": [
            "54.167.111.27",
            "54.226.54.14",
            "54.210.151.100"
          ],
          "ssh_agent_socket": "env:SSH_AUTH_SOCK",
          "ssh_port": 22,
          "ssh_private_key_file": "",
          "ssh_user": "ubuntu"
        }
      },
      "type": [
        "object",
        {
          "control_plane": [
            "object",
            {
              "cloud_provider": "string",
              "cluster_name": "string",
              "hostnames": [
                "tuple",
                [
                  "string",
                  "string",
                  "string"
                ]
              ],
              "private_address": [
                "tuple",
                [
                  "string",
                  "string",
                  "string"
                ]
              ],
              "public_address": [
                "tuple",
                [
                  "string",
                  "string",
                  "string"
                ]
              ],
              "ssh_agent_socket": "string",
              "ssh_port": "number",
              "ssh_private_key_file": "string",
              "ssh_user": "string"
            }
          ]
        }
      ]
    },
    "kubeone_workers": {
      "value": {
        "udacitykubeone-pool1": {
          "providerSpec": {
            "cloudProviderSpec": {
              "ami": "ami-0d5ae5525eb033d0a",
              "availabilityZone": "us-east-1a",
              "diskIops": 500,
              "diskSize": 50,
              "diskType": "gp2",
              "instanceProfile": "udacitykubeone-host",
              "instanceType": "t3.medium",
              "region": "us-east-1",
              "securityGroupIDs": [
                "sg-0dc426f54c48e19bd"
              ],
              "subnetId": "subnet-003b8741f575842ef",
              "tags": {
                "udacitykubeone-workers": "pool1"
              },
              "vpcId": "vpc-037898d8ddef423ba"
            },
            "operatingSystem": "ubuntu",
            "operatingSystemSpec": {
              "distUpgradeOnBoot": false
            },
            "sshPublicKeys": [
              "ssh-rsa AAAAB3NzaC1yc2EAAAADAQABAAACAQDBy1U1v7zFtIVrJeSKNKpCp5E12HxKzmsoXrJMy770wWWz09s3pyTdK3lRF7geoejsbBPWjq+qvPx+U/vkITF92y/X60LFHc/lmZH2nAPbMI08qI7zNq4a6nQev1+y2E8dBF2us9m++kc52RIiEkKdW3Zx4x7QNjAwBRQPBwUbUSEvyFYLLFN4meTU3wQFv+meqTsFTOJh2bM7GossuStVvPqBN6d+MpW+Ad3e75Vx18UTupuoMqZLT0907UO07B7ca2FGpBy3pnoXmDJkzaaioReFrtkhVneTdqA8Bl8LV8OdXDT3o+yQndlYDsYjN0wG0lOEsUSR4rsyjEfXWT/IJssuyDZe/qKnpb/kBIULCi7nrYXSDtlheAeFGXBISBySCYvXnOld6MG3JxJiZYnsJaVLFeqnXPKpP0iBh83zBmC6VMtelET/I4zEO1PZgtZ1bHYX9TqK3FzMG6woq81ZD81VknQwVL8Z25JsO7tAWjucjZ5FhQtJ7x9O/yJQxvM8eptRhUxvYHr6EWXGb1lxPq73rxcWKiZc1bbQURjIirVjWzV/w6phJs7fOy2j9cPmkC0P3F0cxTKF0ZCy4XQEPFOKbU1wIjsgyUgq8iWwVrnzg+A3PuvfBmtR+uFuR8hrlWuJBMkMM/FBqQIROIXS1Bogv+fTPscyCRGtlUK5yQ== snleung"
            ]
          },
          "replicas": 1
        }
      },
      "type": [
        "object",
        {
          "udacitykubeone-pool1": [
            "object",
            {
              "providerSpec": [
                "object",
                {
                  "cloudProviderSpec": [
                    "object",
                    {
                      "ami": "string",
                      "availabilityZone": "string",
                      "diskIops": "number",
                      "diskSize": "number",
                      "diskType": "string",
                      "instanceProfile": "string",
                      "instanceType": "string",
                      "region": "string",
                      "securityGroupIDs": [
                        "tuple",
                        [
                          "string"
                        ]
                      ],
                      "subnetId": "string",
                      "tags": [
                        "object",
                        {
                          "udacitykubeone-workers": "string"
                        }
                      ],
                      "vpcId": "string"
                    }
                  ],
                  "operatingSystem": "string",
                  "operatingSystemSpec": [
                    "object",
                    {
                      "distUpgradeOnBoot": "bool"
                    }
                  ],
                  "sshPublicKeys": [
                    "tuple",
                    [
                      "string"
                    ]
                  ]
                }
              ],
              "replicas": "number"
            }
          ]
        }
      ]
    }
  },
  "resources": [
    {
      "mode": "data",
      "type": "aws_ami",
      "name": "ubuntu",
      "provider": "provider.aws",
      "instances": [
        {
          "schema_version": 0,
          "attributes": {
            "architecture": "x86_64",
            "block_device_mappings": [
              {
                "device_name": "/dev/sda1",
                "ebs": {
                  "delete_on_termination": "true",
                  "encrypted": "false",
                  "iops": "0",
                  "snapshot_id": "snap-0b2ce82fbce9ea451",
                  "volume_size": "8",
                  "volume_type": "gp2"
                },
                "no_device": "",
                "virtual_name": ""
              },
              {
                "device_name": "/dev/sdb",
                "ebs": {},
                "no_device": "",
                "virtual_name": "ephemeral0"
              },
              {
                "device_name": "/dev/sdc",
                "ebs": {},
                "no_device": "",
                "virtual_name": "ephemeral1"
              }
            ],
            "creation_date": "2019-10-21T22:21:16.000Z",
            "description": "Canonical, Ubuntu, 18.04 LTS, amd64 bionic image build on 2019-10-21",
            "executable_users": null,
            "filter": [
              {
                "name": "name",
                "values": [
                  "ubuntu/images/hvm-ssd/ubuntu-bionic-18.04-amd64-server-*"
                ]
              },
              {
                "name": "virtualization-type",
                "values": [
                  "hvm"
                ]
              }
            ],
            "hypervisor": "xen",
            "id": "ami-0d5ae5525eb033d0a",
            "image_id": "ami-0d5ae5525eb033d0a",
            "image_location": "099720109477/ubuntu/images/hvm-ssd/ubuntu-bionic-18.04-amd64-server-20191021",
            "image_owner_alias": null,
            "image_type": "machine",
            "kernel_id": null,
            "most_recent": true,
            "name": "ubuntu/images/hvm-ssd/ubuntu-bionic-18.04-amd64-server-20191021",
            "name_regex": null,
            "owner_id": "099720109477",
            "owners": [
              "099720109477"
            ],
            "platform": null,
            "product_codes": [],
            "public": true,
            "ramdisk_id": null,
            "root_device_name": "/dev/sda1",
            "root_device_type": "ebs",
            "root_snapshot_id": "snap-0b2ce82fbce9ea451",
            "sriov_net_support": "simple",
            "state": "available",
            "state_reason": {
              "code": "UNSET",
              "message": "UNSET"
            },
            "tags": {},
            "virtualization_type": "hvm"
          }
        }
      ]
    },
    {
      "mode": "data",
      "type": "aws_availability_zones",
      "name": "available",
      "provider": "provider.aws",
      "instances": [
        {
          "schema_version": 0,
          "attributes": {
            "blacklisted_names": null,
            "blacklisted_zone_ids": null,
            "id": "2019-10-26 15:49:35.105133638 +0000 UTC",
            "names": [
              "us-east-1a",
              "us-east-1b",
              "us-east-1c",
              "us-east-1d",
              "us-east-1e",
              "us-east-1f"
            ],
            "state": null,
            "zone_ids": [
              "use1-az2",
              "use1-az4",
              "use1-az6",
              "use1-az1",
              "use1-az3",
              "use1-az5"
            ]
          }
        }
      ]
    },
    {
      "mode": "data",
      "type": "aws_subnet",
      "name": "az_a",
      "provider": "provider.aws",
      "instances": [
        {
          "schema_version": 0,
          "attributes": {
            "arn": "arn:aws:ec2:us-east-1:868781784008:subnet/subnet-003b8741f575842ef",
            "assign_ipv6_address_on_creation": false,
            "availability_zone": "us-east-1a",
            "availability_zone_id": "use1-az2",
            "cidr_block": "172.31.80.0/20",
            "default_for_az": true,
            "filter": null,
            "id": "subnet-003b8741f575842ef",
            "ipv6_cidr_block": null,
            "ipv6_cidr_block_association_id": null,
            "map_public_ip_on_launch": true,
            "owner_id": "868781784008",
            "state": "available",
            "tags": {},
            "vpc_id": "vpc-037898d8ddef423ba"
          }
        }
      ]
    },
    {
      "mode": "data",
      "type": "aws_subnet",
      "name": "az_b",
      "provider": "provider.aws",
      "instances": [
        {
          "schema_version": 0,
          "attributes": {
            "arn": "arn:aws:ec2:us-east-1:868781784008:subnet/subnet-0c1cb5cc41a1cae09",
            "assign_ipv6_address_on_creation": false,
            "availability_zone": "us-east-1b",
            "availability_zone_id": "use1-az4",
            "cidr_block": "172.31.16.0/20",
            "default_for_az": true,
            "filter": null,
            "id": "subnet-0c1cb5cc41a1cae09",
            "ipv6_cidr_block": null,
            "ipv6_cidr_block_association_id": null,
            "map_public_ip_on_launch": true,
            "owner_id": "868781784008",
            "state": "available",
            "tags": {},
            "vpc_id": "vpc-037898d8ddef423ba"
          }
        }
      ]
    },
    {
      "mode": "data",
      "type": "aws_subnet",
      "name": "az_c",
      "provider": "provider.aws",
      "instances": [
        {
          "schema_version": 0,
          "attributes": {
            "arn": "arn:aws:ec2:us-east-1:868781784008:subnet/subnet-0d886fc7ce8f15b3c",
            "assign_ipv6_address_on_creation": false,
            "availability_zone": "us-east-1c",
            "availability_zone_id": "use1-az6",
            "cidr_block": "172.31.32.0/20",
            "default_for_az": true,
            "filter": null,
            "id": "subnet-0d886fc7ce8f15b3c",
            "ipv6_cidr_block": null,
            "ipv6_cidr_block_association_id": null,
            "map_public_ip_on_launch": true,
            "owner_id": "868781784008",
            "state": "available",
            "tags": {},
            "vpc_id": "vpc-037898d8ddef423ba"
          }
        }
      ]
    },
    {
      "mode": "data",
      "type": "aws_subnet_ids",
      "name": "default",
      "provider": "provider.aws",
      "instances": [
        {
          "schema_version": 0,
          "attributes": {
            "filter": null,
            "id": "vpc-037898d8ddef423ba",
            "ids": [
              "subnet-003b8741f575842ef",
              "subnet-02f3ad2956ac48b2f",
              "subnet-057ed9ad69697f808",
              "subnet-0c1cb5cc41a1cae09",
              "subnet-0d886fc7ce8f15b3c",
              "subnet-0ebb9b2d2b0ece2ae"
            ],
            "tags": null,
            "vpc_id": "vpc-037898d8ddef423ba"
          }
        }
      ]
    },
    {
      "mode": "managed",
      "type": "aws_default_vpc",
      "name": "default",
      "provider": "provider.aws",
      "instances": [
        {
          "schema_version": 1,
          "attributes": {
            "arn": "arn:aws:ec2:us-east-1:868781784008:vpc/vpc-037898d8ddef423ba",
            "assign_generated_ipv6_cidr_block": false,
            "cidr_block": "172.31.0.0/16",
            "default_network_acl_id": "acl-018c08994a67f588f",
            "default_route_table_id": "rtb-0e75a0d065153db35",
            "default_security_group_id": "sg-062437014752660fd",
            "dhcp_options_id": "dopt-69b65313",
            "enable_classiclink": false,
            "enable_classiclink_dns_support": false,
            "enable_dns_hostnames": true,
            "enable_dns_support": true,
            "id": "vpc-037898d8ddef423ba",
            "instance_tenancy": "default",
            "ipv6_association_id": "",
            "ipv6_cidr_block": "",
            "main_route_table_id": "rtb-0e75a0d065153db35",
            "owner_id": "868781784008",
            "tags": {
              "Name": "defaultVPC"
            }
          },
          "private": "eyJzY2hlbWFfdmVyc2lvbiI6IjEifQ=="
        }
      ]
    },
    {
      "mode": "managed",
      "type": "aws_iam_instance_profile",
      "name": "profile",
      "provider": "provider.aws",
      "instances": [
        {
          "schema_version": 0,
          "attributes": {
            "arn": "arn:aws:iam::868781784008:instance-profile/udacitykubeone-host",
            "create_date": "2019-10-26T15:49:59Z",
            "id": "udacitykubeone-host",
            "name": "udacitykubeone-host",
            "name_prefix": null,
            "path": "/",
            "role": "udacitykubeone-host",
            "roles": [],
            "unique_id": "AIPA4UR3N7PEKBPBM7U4W"
          },
          "private": "bnVsbA==",
          "depends_on": [
            "aws_iam_role.role"
          ]
        }
      ]
    },
    {
      "mode": "managed",
      "type": "aws_iam_role",
      "name": "role",
      "provider": "provider.aws",
      "instances": [
        {
          "schema_version": 0,
          "attributes": {
            "arn": "arn:aws:iam::868781784008:role/udacitykubeone-host",
            "assume_role_policy": "{\"Version\":\"2012-10-17\",\"Statement\":[{\"Sid\":\"\",\"Effect\":\"Allow\",\"Principal\":{\"Service\":\"ec2.amazonaws.com\"},\"Action\":\"sts:AssumeRole\"}]}",
            "create_date": "2019-10-26T15:49:58Z",
            "description": "",
            "force_detach_policies": false,
            "id": "udacitykubeone-host",
            "max_session_duration": 3600,
            "name": "udacitykubeone-host",
            "name_prefix": null,
            "path": "/",
            "permissions_boundary": null,
            "tags": null,
            "unique_id": "AROA4UR3N7PELDD46EJ5R"
          },
          "private": "bnVsbA=="
        }
      ]
    },
    {
      "mode": "managed",
      "type": "aws_iam_role_policy",
      "name": "policy",
      "provider": "provider.aws",
      "instances": [
        {
          "schema_version": 0,
          "attributes": {
            "id": "udacitykubeone-host:udacitykubeone-host",
            "name": "udacitykubeone-host",
            "name_prefix": null,
            "policy": "{\n  \"Version\": \"2012-10-17\",\n  \"Statement\": [\n    {\n      \"Effect\": \"Allow\",\n      \"Action\": [\"ec2:*\"],\n      \"Resource\": [\"*\"]\n    },\n    {\n      \"Effect\": \"Allow\",\n      \"Action\": [\"elasticloadbalancing:*\"],\n      \"Resource\": [\"*\"]\n    }\n  ]\n}\n",
            "role": "udacitykubeone-host"
          },
          "private": "bnVsbA==",
          "depends_on": [
            "aws_iam_role.role"
          ]
        }
      ]
    },
    {
      "mode": "managed",
      "type": "aws_instance",
      "name": "control_plane",
      "each": "list",
      "provider": "provider.aws",
      "instances": [
        {
          "index_key": 0,
          "schema_version": 1,
          "attributes": {
            "ami": "ami-0d5ae5525eb033d0a",
            "arn": "arn:aws:ec2:us-east-1:868781784008:instance/i-09c921d0d781f0f5a",
            "associate_public_ip_address": true,
            "availability_zone": "us-east-1a",
            "cpu_core_count": 1,
            "cpu_threads_per_core": 2,
            "credit_specification": [
              {
                "cpu_credits": "unlimited"
              }
            ],
            "disable_api_termination": false,
            "ebs_block_device": [],
            "ebs_optimized": true,
            "ephemeral_block_device": [],
            "get_password_data": false,
            "host_id": null,
            "iam_instance_profile": "udacitykubeone-host",
            "id": "i-09c921d0d781f0f5a",
            "instance_initiated_shutdown_behavior": null,
            "instance_state": "running",
            "instance_type": "t3.medium",
            "ipv6_address_count": 0,
            "ipv6_addresses": [],
            "key_name": "udacitykubeone-deployer-key",
            "monitoring": false,
            "network_interface": [],
            "network_interface_id": null,
            "password_data": "",
            "placement_group": "",
            "primary_network_interface_id": "eni-0bf0c7fc7d610deec",
            "private_dns": "ip-172-31-80-210.ec2.internal",
            "private_ip": "172.31.80.210",
            "public_dns": "ec2-54-167-111-27.compute-1.amazonaws.com",
            "public_ip": "54.167.111.27",
            "root_block_device": [
              {
                "delete_on_termination": true,
                "encrypted": false,
                "iops": 300,
                "kms_key_id": "",
                "volume_id": "vol-0ad2654fb7259d252",
                "volume_size": 100,
                "volume_type": "gp2"
              }
            ],
            "security_groups": [
              "udacitykubeone-common",
              "udacitykubeone-control_planes"
            ],
            "source_dest_check": true,
            "subnet_id": "subnet-003b8741f575842ef",
            "tags": {
              "Name": "udacitykubeone-control_plane-1",
              "kubernetes.io/cluster/udacitykubeone": "shared"
            },
            "tenancy": "default",
            "timeouts": null,
            "user_data": null,
            "user_data_base64": null,
            "volume_tags": {},
            "vpc_security_group_ids": [
              "sg-0293128b5ef7f5df7",
              "sg-0dc426f54c48e19bd"
            ]
          },
          "private": "eyJlMmJmYjczMC1lY2FhLTExZTYtOGY4OC0zNDM2M2JjN2M0YzAiOnsiY3JlYXRlIjo2MDAwMDAwMDAwMDAsImRlbGV0ZSI6MTIwMDAwMDAwMDAwMCwidXBkYXRlIjo2MDAwMDAwMDAwMDB9LCJzY2hlbWFfdmVyc2lvbiI6IjEifQ==",
          "depends_on": [
            "aws_iam_instance_profile.profile",
            "aws_key_pair.deployer",
            "aws_security_group.common",
            "aws_security_group.control_plane",
            "data.aws_availability_zones.available"
          ]
        },
        {
          "index_key": 1,
          "schema_version": 1,
          "attributes": {
            "ami": "ami-0d5ae5525eb033d0a",
            "arn": "arn:aws:ec2:us-east-1:868781784008:instance/i-0762f67796d6b3f3f",
            "associate_public_ip_address": true,
            "availability_zone": "us-east-1b",
            "cpu_core_count": 1,
            "cpu_threads_per_core": 2,
            "credit_specification": [
              {
                "cpu_credits": "unlimited"
              }
            ],
            "disable_api_termination": false,
            "ebs_block_device": [],
            "ebs_optimized": true,
            "ephemeral_block_device": [],
            "get_password_data": false,
            "host_id": null,
            "iam_instance_profile": "udacitykubeone-host",
            "id": "i-0762f67796d6b3f3f",
            "instance_initiated_shutdown_behavior": null,
            "instance_state": "running",
            "instance_type": "t3.medium",
            "ipv6_address_count": 0,
            "ipv6_addresses": [],
            "key_name": "udacitykubeone-deployer-key",
            "monitoring": false,
            "network_interface": [],
            "network_interface_id": null,
            "password_data": "",
            "placement_group": "",
            "primary_network_interface_id": "eni-0aa20d976f67e3126",
            "private_dns": "ip-172-31-24-165.ec2.internal",
            "private_ip": "172.31.24.165",
            "public_dns": "ec2-54-226-54-14.compute-1.amazonaws.com",
            "public_ip": "54.226.54.14",
            "root_block_device": [
              {
                "delete_on_termination": true,
                "encrypted": false,
                "iops": 300,
                "kms_key_id": "",
                "volume_id": "vol-073bb83ab9840ad26",
                "volume_size": 100,
                "volume_type": "gp2"
              }
            ],
            "security_groups": [
              "udacitykubeone-common",
              "udacitykubeone-control_planes"
            ],
            "source_dest_check": true,
            "subnet_id": "subnet-0c1cb5cc41a1cae09",
            "tags": {
              "Name": "udacitykubeone-control_plane-2",
              "kubernetes.io/cluster/udacitykubeone": "shared"
            },
            "tenancy": "default",
            "timeouts": null,
            "user_data": null,
            "user_data_base64": null,
            "volume_tags": {},
            "vpc_security_group_ids": [
              "sg-0293128b5ef7f5df7",
              "sg-0dc426f54c48e19bd"
            ]
          },
          "private": "eyJlMmJmYjczMC1lY2FhLTExZTYtOGY4OC0zNDM2M2JjN2M0YzAiOnsiY3JlYXRlIjo2MDAwMDAwMDAwMDAsImRlbGV0ZSI6MTIwMDAwMDAwMDAwMCwidXBkYXRlIjo2MDAwMDAwMDAwMDB9LCJzY2hlbWFfdmVyc2lvbiI6IjEifQ==",
          "depends_on": [
            "aws_iam_instance_profile.profile",
            "aws_key_pair.deployer",
            "aws_security_group.common",
            "aws_security_group.control_plane",
            "data.aws_availability_zones.available"
          ]
        },
        {
          "index_key": 2,
          "schema_version": 1,
          "attributes": {
            "ami": "ami-0d5ae5525eb033d0a",
            "arn": "arn:aws:ec2:us-east-1:868781784008:instance/i-09c753bca40f7c7da",
            "associate_public_ip_address": true,
            "availability_zone": "us-east-1c",
            "cpu_core_count": 1,
            "cpu_threads_per_core": 2,
            "credit_specification": [
              {
                "cpu_credits": "unlimited"
              }
            ],
            "disable_api_termination": false,
            "ebs_block_device": [],
            "ebs_optimized": true,
            "ephemeral_block_device": [],
            "get_password_data": false,
            "host_id": null,
            "iam_instance_profile": "udacitykubeone-host",
            "id": "i-09c753bca40f7c7da",
            "instance_initiated_shutdown_behavior": null,
            "instance_state": "running",
            "instance_type": "t3.medium",
            "ipv6_address_count": 0,
            "ipv6_addresses": [],
            "key_name": "udacitykubeone-deployer-key",
            "monitoring": false,
            "network_interface": [],
            "network_interface_id": null,
            "password_data": "",
            "placement_group": "",
            "primary_network_interface_id": "eni-0ba7575a05c9987d9",
            "private_dns": "ip-172-31-38-156.ec2.internal",
            "private_ip": "172.31.38.156",
            "public_dns": "ec2-54-210-151-100.compute-1.amazonaws.com",
            "public_ip": "54.210.151.100",
            "root_block_device": [
              {
                "delete_on_termination": true,
                "encrypted": false,
                "iops": 300,
                "kms_key_id": "",
                "volume_id": "vol-070af0fafb1c241a5",
                "volume_size": 100,
                "volume_type": "gp2"
              }
            ],
            "security_groups": [
              "udacitykubeone-common",
              "udacitykubeone-control_planes"
            ],
            "source_dest_check": true,
            "subnet_id": "subnet-0d886fc7ce8f15b3c",
            "tags": {
              "Name": "udacitykubeone-control_plane-3",
              "kubernetes.io/cluster/udacitykubeone": "shared"
            },
            "tenancy": "default",
            "timeouts": null,
            "user_data": null,
            "user_data_base64": null,
            "volume_tags": {},
            "vpc_security_group_ids": [
              "sg-0293128b5ef7f5df7",
              "sg-0dc426f54c48e19bd"
            ]
          },
          "private": "eyJlMmJmYjczMC1lY2FhLTExZTYtOGY4OC0zNDM2M2JjN2M0YzAiOnsiY3JlYXRlIjo2MDAwMDAwMDAwMDAsImRlbGV0ZSI6MTIwMDAwMDAwMDAwMCwidXBkYXRlIjo2MDAwMDAwMDAwMDB9LCJzY2hlbWFfdmVyc2lvbiI6IjEifQ==",
          "depends_on": [
            "aws_iam_instance_profile.profile",
            "aws_key_pair.deployer",
            "aws_security_group.common",
            "aws_security_group.control_plane",
            "data.aws_availability_zones.available"
          ]
        }
      ]
    },
    {
      "mode": "managed",
      "type": "aws_key_pair",
      "name": "deployer",
      "provider": "provider.aws",
      "instances": [
        {
          "schema_version": 1,
          "attributes": {
            "fingerprint": "65:7b:94:f0:4b:2a:ff:fe:eb:ae:b7:2a:4c:da:4b:02",
            "id": "udacitykubeone-deployer-key",
            "key_name": "udacitykubeone-deployer-key",
            "key_name_prefix": null,
            "public_key": "ssh-rsa AAAAB3NzaC1yc2EAAAADAQABAAACAQDBy1U1v7zFtIVrJeSKNKpCp5E12HxKzmsoXrJMy770wWWz09s3pyTdK3lRF7geoejsbBPWjq+qvPx+U/vkITF92y/X60LFHc/lmZH2nAPbMI08qI7zNq4a6nQev1+y2E8dBF2us9m++kc52RIiEkKdW3Zx4x7QNjAwBRQPBwUbUSEvyFYLLFN4meTU3wQFv+meqTsFTOJh2bM7GossuStVvPqBN6d+MpW+Ad3e75Vx18UTupuoMqZLT0907UO07B7ca2FGpBy3pnoXmDJkzaaioReFrtkhVneTdqA8Bl8LV8OdXDT3o+yQndlYDsYjN0wG0lOEsUSR4rsyjEfXWT/IJssuyDZe/qKnpb/kBIULCi7nrYXSDtlheAeFGXBISBySCYvXnOld6MG3JxJiZYnsJaVLFeqnXPKpP0iBh83zBmC6VMtelET/I4zEO1PZgtZ1bHYX9TqK3FzMG6woq81ZD81VknQwVL8Z25JsO7tAWjucjZ5FhQtJ7x9O/yJQxvM8eptRhUxvYHr6EWXGb1lxPq73rxcWKiZc1bbQURjIirVjWzV/w6phJs7fOy2j9cPmkC0P3F0cxTKF0ZCy4XQEPFOKbU1wIjsgyUgq8iWwVrnzg+A3PuvfBmtR+uFuR8hrlWuJBMkMM/FBqQIROIXS1Bogv+fTPscyCRGtlUK5yQ== snleung"
          },
          "private": "eyJzY2hlbWFfdmVyc2lvbiI6IjEifQ=="
        }
      ]
    },
    {
      "mode": "managed",
      "type": "aws_lb",
      "name": "control_plane",
      "provider": "provider.aws",
      "instances": [
        {
          "schema_version": 0,
          "attributes": {
            "access_logs": [
              {
                "bucket": "",
                "enabled": false,
                "prefix": ""
              }
            ],
            "arn": "arn:aws:elasticloadbalancing:us-east-1:868781784008:loadbalancer/net/udacitykubeone-api-lb/9183daa26e2afdfc",
            "arn_suffix": "net/udacitykubeone-api-lb/9183daa26e2afdfc",
            "dns_name": "udacitykubeone-api-lb-9183daa26e2afdfc.elb.us-east-1.amazonaws.com",
            "enable_cross_zone_load_balancing": false,
            "enable_deletion_protection": false,
            "enable_http2": null,
            "id": "arn:aws:elasticloadbalancing:us-east-1:868781784008:loadbalancer/net/udacitykubeone-api-lb/9183daa26e2afdfc",
            "idle_timeout": null,
            "internal": false,
            "ip_address_type": "ipv4",
            "load_balancer_type": "network",
            "name": "udacitykubeone-api-lb",
            "name_prefix": null,
            "security_groups": [],
            "subnet_mapping": [
              {
                "allocation_id": "",
                "subnet_id": "subnet-003b8741f575842ef"
              },
              {
                "allocation_id": "",
                "subnet_id": "subnet-0c1cb5cc41a1cae09"
              },
              {
                "allocation_id": "",
                "subnet_id": "subnet-0d886fc7ce8f15b3c"
              }
            ],
            "subnets": [
              "subnet-003b8741f575842ef",
              "subnet-0c1cb5cc41a1cae09",
              "subnet-0d886fc7ce8f15b3c"
            ],
            "tags": {
              "Cluster": "udacitykubeone",
              "kubernetes.io/cluster/udacitykubeone": "shared"
            },
            "timeouts": null,
            "vpc_id": "vpc-037898d8ddef423ba",
            "zone_id": "Z26RNL4JYFTOTI"
          },
          "private": "eyJlMmJmYjczMC1lY2FhLTExZTYtOGY4OC0zNDM2M2JjN2M0YzAiOnsiY3JlYXRlIjo2MDAwMDAwMDAwMDAsImRlbGV0ZSI6NjAwMDAwMDAwMDAwLCJ1cGRhdGUiOjYwMDAwMDAwMDAwMH19"
        }
      ]
    },
    {
      "mode": "managed",
      "type": "aws_lb_listener",
      "name": "control_plane_api",
      "provider": "provider.aws",
      "instances": [
        {
          "schema_version": 0,
          "attributes": {
            "arn": "arn:aws:elasticloadbalancing:us-east-1:868781784008:listener/net/udacitykubeone-api-lb/9183daa26e2afdfc/3fb884a50855589b",
            "certificate_arn": null,
            "default_action": [
              {
                "authenticate_cognito": [],
                "authenticate_oidc": [],
                "fixed_response": [],
                "order": 1,
                "redirect": [],
                "target_group_arn": "arn:aws:elasticloadbalancing:us-east-1:868781784008:targetgroup/udacitykubeone-api/93e3b2fa2b501378",
                "type": "forward"
              }
            ],
            "id": "arn:aws:elasticloadbalancing:us-east-1:868781784008:listener/net/udacitykubeone-api-lb/9183daa26e2afdfc/3fb884a50855589b",
            "load_balancer_arn": "arn:aws:elasticloadbalancing:us-east-1:868781784008:loadbalancer/net/udacitykubeone-api-lb/9183daa26e2afdfc",
            "port": 6443,
            "protocol": "TCP",
            "ssl_policy": "",
            "timeouts": null
          },
          "private": "eyJlMmJmYjczMC1lY2FhLTExZTYtOGY4OC0zNDM2M2JjN2M0YzAiOnsicmVhZCI6NjAwMDAwMDAwMDAwfX0=",
          "depends_on": [
            "aws_lb.control_plane",
            "aws_lb_target_group.control_plane_api"
          ]
        }
      ]
    },
    {
      "mode": "managed",
      "type": "aws_lb_target_group",
      "name": "control_plane_api",
      "provider": "provider.aws",
      "instances": [
        {
          "schema_version": 0,
          "attributes": {
            "arn": "arn:aws:elasticloadbalancing:us-east-1:868781784008:targetgroup/udacitykubeone-api/93e3b2fa2b501378",
            "arn_suffix": "targetgroup/udacitykubeone-api/93e3b2fa2b501378",
            "deregistration_delay": 300,
            "health_check": [
              {
                "enabled": true,
                "healthy_threshold": 3,
                "interval": 30,
                "matcher": "",
                "path": "",
                "port": "traffic-port",
                "protocol": "TCP",
                "timeout": 10,
                "unhealthy_threshold": 3
              }
            ],
            "id": "arn:aws:elasticloadbalancing:us-east-1:868781784008:targetgroup/udacitykubeone-api/93e3b2fa2b501378",
            "lambda_multi_value_headers_enabled": false,
            "name": "udacitykubeone-api",
            "name_prefix": null,
            "port": 6443,
            "protocol": "TCP",
            "proxy_protocol_v2": false,
            "slow_start": 0,
            "stickiness": [],
            "tags": null,
            "target_type": "instance",
            "vpc_id": "vpc-037898d8ddef423ba"
          },
          "private": "bnVsbA=="
        }
      ]
    },
    {
      "mode": "managed",
      "type": "aws_lb_target_group_attachment",
      "name": "control_plane_api",
      "each": "list",
      "provider": "provider.aws",
      "instances": [
        {
          "index_key": 0,
          "schema_version": 0,
          "attributes": {
            "availability_zone": null,
            "id": "arn:aws:elasticloadbalancing:us-east-1:868781784008:targetgroup/udacitykubeone-api/93e3b2fa2b501378-20191026155041814200000001",
            "port": 6443,
            "target_group_arn": "arn:aws:elasticloadbalancing:us-east-1:868781784008:targetgroup/udacitykubeone-api/93e3b2fa2b501378",
            "target_id": "i-09c921d0d781f0f5a"
          },
          "private": "bnVsbA==",
          "depends_on": [
            "aws_instance.control_plane",
            "aws_lb_target_group.control_plane_api"
          ]
        },
        {
          "index_key": 1,
          "schema_version": 0,
          "attributes": {
            "availability_zone": null,
            "id": "arn:aws:elasticloadbalancing:us-east-1:868781784008:targetgroup/udacitykubeone-api/93e3b2fa2b501378-20191026155042090800000003",
            "port": 6443,
            "target_group_arn": "arn:aws:elasticloadbalancing:us-east-1:868781784008:targetgroup/udacitykubeone-api/93e3b2fa2b501378",
            "target_id": "i-0762f67796d6b3f3f"
          },
          "private": "bnVsbA==",
          "depends_on": [
            "aws_instance.control_plane",
            "aws_lb_target_group.control_plane_api"
          ]
        },
        {
          "index_key": 2,
          "schema_version": 0,
          "attributes": {
            "availability_zone": null,
            "id": "arn:aws:elasticloadbalancing:us-east-1:868781784008:targetgroup/udacitykubeone-api/93e3b2fa2b501378-20191026155041856300000002",
            "port": 6443,
            "target_group_arn": "arn:aws:elasticloadbalancing:us-east-1:868781784008:targetgroup/udacitykubeone-api/93e3b2fa2b501378",
            "target_id": "i-09c753bca40f7c7da"
          },
          "private": "bnVsbA==",
          "depends_on": [
            "aws_instance.control_plane",
            "aws_lb_target_group.control_plane_api"
          ]
        }
      ]
    },
    {
      "mode": "managed",
      "type": "aws_security_group",
      "name": "common",
      "provider": "provider.aws",
      "instances": [
        {
          "schema_version": 1,
          "attributes": {
            "arn": "arn:aws:ec2:us-east-1:868781784008:security-group/sg-0dc426f54c48e19bd",
            "description": "cluster common rules",
            "egress": [
              {
                "cidr_blocks": [
                  "0.0.0.0/0"
                ],
                "description": "",
                "from_port": 0,
                "ipv6_cidr_blocks": [],
                "prefix_list_ids": [],
                "protocol": "-1",
                "security_groups": [],
                "self": false,
                "to_port": 0
              }
            ],
            "id": "sg-0dc426f54c48e19bd",
            "ingress": [
              {
                "cidr_blocks": [
                  "0.0.0.0/0"
                ],
                "description": "",
                "from_port": 22,
                "ipv6_cidr_blocks": [],
                "prefix_list_ids": [],
                "protocol": "tcp",
                "security_groups": [],
                "self": false,
                "to_port": 22
              },
              {
                "cidr_blocks": [],
                "description": "",
                "from_port": 0,
                "ipv6_cidr_blocks": [],
                "prefix_list_ids": [],
                "protocol": "-1",
                "security_groups": [],
                "self": true,
                "to_port": 0
              }
            ],
            "name": "udacitykubeone-common",
            "name_prefix": null,
            "owner_id": "868781784008",
            "revoke_rules_on_delete": false,
            "tags": {
              "kubernetes.io/cluster/udacitykubeone": "shared"
            },
            "timeouts": null,
            "vpc_id": "vpc-037898d8ddef423ba"
          },
          "private": "eyJlMmJmYjczMC1lY2FhLTExZTYtOGY4OC0zNDM2M2JjN2M0YzAiOnsiY3JlYXRlIjo2MDAwMDAwMDAwMDAsImRlbGV0ZSI6NjAwMDAwMDAwMDAwfSwic2NoZW1hX3ZlcnNpb24iOiIxIn0="
        }
      ]
    },
    {
      "mode": "managed",
      "type": "aws_security_group",
      "name": "control_plane",
      "provider": "provider.aws",
      "instances": [
        {
          "schema_version": 1,
          "attributes": {
            "arn": "arn:aws:ec2:us-east-1:868781784008:security-group/sg-0293128b5ef7f5df7",
            "description": "cluster control_planes",
            "egress": [],
            "id": "sg-0293128b5ef7f5df7",
            "ingress": [
              {
                "cidr_blocks": [
                  "0.0.0.0/0"
                ],
                "description": "",
                "from_port": 6443,
                "ipv6_cidr_blocks": [],
                "prefix_list_ids": [],
                "protocol": "tcp",
                "security_groups": [],
                "self": false,
                "to_port": 6443
              }
            ],
            "name": "udacitykubeone-control_planes",
            "name_prefix": null,
            "owner_id": "868781784008",
            "revoke_rules_on_delete": false,
            "tags": {
              "kubernetes.io/cluster/udacitykubeone": "shared"
            },
            "timeouts": null,
            "vpc_id": "vpc-037898d8ddef423ba"
          },
          "private": "eyJlMmJmYjczMC1lY2FhLTExZTYtOGY4OC0zNDM2M2JjN2M0YzAiOnsiY3JlYXRlIjo2MDAwMDAwMDAwMDAsImRlbGV0ZSI6NjAwMDAwMDAwMDAwfSwic2NoZW1hX3ZlcnNpb24iOiIxIn0="
        }
      ]
    }
  ]
}
